
Microsoft Visual Studio Solution File, Format Version 12.00
Project("{FAE04EC0-301F-11D3-BF4B-00C04F79EFBC}") = "E-Tickets", "E-Tickets\E-Tickets.csproj", "{7B547A2D-8B6D-4FD4-89D4-558A296162DA}"
EndProject
Global
	GlobalSection(SolutionConfigurationPlatforms) = preSolution
		Debug|Any CPU = Debug|Any CPU
		Release|Any CPU = Release|Any CPU
	EndGlobalSection
	GlobalSection(ProjectConfigurationPlatforms) = postSolution
		{7B547A2D-8B6D-4FD4-89D4-558A296162DA}.Debug|Any CPU.ActiveCfg = Debug|Any CPU
		{7B547A2D-8B6D-4FD4-89D4-558A296162DA}.Debug|Any CPU.Build.0 = Debug|Any CPU
		{7B547A2D-8B6D-4FD4-89D4-558A296162DA}.Release|Any CPU.ActiveCfg = Release|Any CPU
		{7B547A2D-8B6D-4FD4-89D4-558A296162DA}.Release|Any CPU.Build.0 = Release|Any CPU
	EndGlobalSection
EndGlobal
